
Microsoft Visual Studio Solution File, Format Version 12.00
# Visual Studio Version 16
VisualStudioVersion = 16.0.29806.167
MinimumVisualStudioVersion = 10.0.40219.1
Project("{FAE04EC0-301F-11D3-BF4B-00C04F79EFBC}") = "LinqOverArray", "LinqOverArray\LinqOverArray.csproj", "{9243EDA4-4E28-4188-9DC7-1CA5D89F1713}"
EndProject
Global
	GlobalSection(SolutionConfigurationPlatforms) = preSolution
		Debug|Any CPU = Debug|Any CPU
		Release|Any CPU = Release|Any CPU
	EndGlobalSection
	GlobalSection(ProjectConfigurationPlatforms) = postSolution
		{9243EDA4-4E28-4188-9DC7-1CA5D89F1713}.Debug|Any CPU.ActiveCfg = Debug|Any CPU
		{9243EDA4-4E28-4188-9DC7-1CA5D89F1713}.Debug|Any CPU.Build.0 = Debug|Any CPU
		{9243EDA4-4E28-4188-9DC7-1CA5D89F1713}.Release|Any CPU.ActiveCfg = Release|Any CPU
		{9243EDA4-4E28-4188-9DC7-1CA5D89F1713}.Release|Any CPU.Build.0 = Release|Any CPU
	EndGlobalSection
	GlobalSection(SolutionProperties) = preSolution
		HideSolutionNode = FALSE
	EndGlobalSection
	GlobalSection(ExtensibilityGlobals) = postSolution
		SolutionGuid = {45C0F993-9E74-45F6-9714-6A0181517FEF}
	EndGlobalSection
EndGlobal
