
Microsoft Visual Studio Solution File, Format Version 12.00
# Visual Studio Version 16
VisualStudioVersion = 16.0.28729.10
MinimumVisualStudioVersion = 10.0.40219.1
Project("{FAE04EC0-301F-11D3-BF4B-00C04F79EFBC}") = "HavingFunWithLocalFunctions", "HavingFunWithLocalFunctions\HavingFunWithLocalFunctions.csproj", "{D67CC0C1-D3A3-4F52-A481-3731C246EBCA}"
EndProject
Global
	GlobalSection(SolutionConfigurationPlatforms) = preSolution
		Debug|Any CPU = Debug|Any CPU
		Release|Any CPU = Release|Any CPU
	EndGlobalSection
	GlobalSection(ProjectConfigurationPlatforms) = postSolution
		{D67CC0C1-D3A3-4F52-A481-3731C246EBCA}.Debug|Any CPU.ActiveCfg = Debug|Any CPU
		{D67CC0C1-D3A3-4F52-A481-3731C246EBCA}.Debug|Any CPU.Build.0 = Debug|Any CPU
		{D67CC0C1-D3A3-4F52-A481-3731C246EBCA}.Release|Any CPU.ActiveCfg = Release|Any CPU
		{D67CC0C1-D3A3-4F52-A481-3731C246EBCA}.Release|Any CPU.Build.0 = Release|Any CPU
	EndGlobalSection
	GlobalSection(SolutionProperties) = preSolution
		HideSolutionNode = FALSE
	EndGlobalSection
	GlobalSection(ExtensibilityGlobals) = postSolution
		SolutionGuid = {E8290199-A70A-4D5E-97D8-6B11377EC6D6}
	EndGlobalSection
EndGlobal
