
Microsoft Visual Studio Solution File, Format Version 12.00
# Visual Studio Version 16
VisualStudioVersion = 16.0.29905.134
MinimumVisualStudioVersion = 10.0.40219.1
Project("{FAE04EC0-301F-11D3-BF4B-00C04F79EFBC}") = "DirectoryApp", "DirectoryApp\DirectoryApp.csproj", "{4A0BC3E0-3743-49C7-B5AB-1A118027C775}"
EndProject
Global
	GlobalSection(SolutionConfigurationPlatforms) = preSolution
		Debug|Any CPU = Debug|Any CPU
		Release|Any CPU = Release|Any CPU
	EndGlobalSection
	GlobalSection(ProjectConfigurationPlatforms) = postSolution
		{4A0BC3E0-3743-49C7-B5AB-1A118027C775}.Debug|Any CPU.ActiveCfg = Debug|Any CPU
		{4A0BC3E0-3743-49C7-B5AB-1A118027C775}.Debug|Any CPU.Build.0 = Debug|Any CPU
		{4A0BC3E0-3743-49C7-B5AB-1A118027C775}.Release|Any CPU.ActiveCfg = Release|Any CPU
		{4A0BC3E0-3743-49C7-B5AB-1A118027C775}.Release|Any CPU.Build.0 = Release|Any CPU
	EndGlobalSection
	GlobalSection(SolutionProperties) = preSolution
		HideSolutionNode = FALSE
	EndGlobalSection
	GlobalSection(ExtensibilityGlobals) = postSolution
		SolutionGuid = {7E62ED1B-7595-4CDD-9D26-13C9D698D189}
	EndGlobalSection
EndGlobal
